// !$*UTF8*$!
{
	archiveVersion = 1;
	classes = {
	};
	objectVersion = 56;
	objects = {

/* Begin PBXBuildFile section */
		A705331C2B9B587400BB4FCB /* CinzelDecorative-Regular.ttf in Resources */ = {isa = PBXBuildFile; fileRef = A74DF1BF2B9B54DD00D45E17 /* CinzelDecorative-Regular.ttf */; };
		A70533202B9B640800BB4FCB /* Profile.swift in Sources */ = {isa = PBXBuildFile; fileRef = A705331F2B9B640800BB4FCB /* Profile.swift */; };
		A727C3652B9B895300232281 /* Day.swift in Sources */ = {isa = PBXBuildFile; fileRef = A727C3642B9B895300232281 /* Day.swift */; };
		A727C36A2B9B89B900232281 /* Author.swift in Sources */ = {isa = PBXBuildFile; fileRef = A727C3692B9B89B900232281 /* Author.swift */; };
		A727C36C2B9B89ED00232281 /* Quote.swift in Sources */ = {isa = PBXBuildFile; fileRef = A727C36B2B9B89ED00232281 /* Quote.swift */; };
		A727C3702B9BAB2E00232281 /* Book.swift in Sources */ = {isa = PBXBuildFile; fileRef = A727C36F2B9BAB2E00232281 /* Book.swift */; };
		A74DF1AC2B9B52F500D45E17 /* MementoMoriApp.swift in Sources */ = {isa = PBXBuildFile; fileRef = A74DF1AB2B9B52F500D45E17 /* MementoMoriApp.swift */; };
		A74DF1AE2B9B52F500D45E17 /* ContentView.swift in Sources */ = {isa = PBXBuildFile; fileRef = A74DF1AD2B9B52F500D45E17 /* ContentView.swift */; };
		A74DF1B02B9B52F500D45E17 /* Item.swift in Sources */ = {isa = PBXBuildFile; fileRef = A74DF1AF2B9B52F500D45E17 /* Item.swift */; };
		A74DF1B22B9B52F600D45E17 /* Assets.xcassets in Resources */ = {isa = PBXBuildFile; fileRef = A74DF1B12B9B52F600D45E17 /* Assets.xcassets */; };
		A74DF1B52B9B52F600D45E17 /* Preview Assets.xcassets in Resources */ = {isa = PBXBuildFile; fileRef = A74DF1B42B9B52F600D45E17 /* Preview Assets.xcassets */; };
		A74DF1BD2B9B53C200D45E17 /* CalendarView.swift in Sources */ = {isa = PBXBuildFile; fileRef = A74DF1BC2B9B53C200D45E17 /* CalendarView.swift */; };
		A7B160442B9BB9B700F2D8AB /* If.swift in Sources */ = {isa = PBXBuildFile; fileRef = A7B160432B9BB9B700F2D8AB /* If.swift */; };
/* End PBXBuildFile section */

/* Begin PBXFileReference section */
		A705331F2B9B640800BB4FCB /* Profile.swift */ = {isa = PBXFileReference; lastKnownFileType = sourcecode.swift; path = Profile.swift; sourceTree = "<group>"; };
		A727C3642B9B895300232281 /* Day.swift */ = {isa = PBXFileReference; lastKnownFileType = sourcecode.swift; path = Day.swift; sourceTree = "<group>"; };
		A727C3692B9B89B900232281 /* Author.swift */ = {isa = PBXFileReference; lastKnownFileType = sourcecode.swift; path = Author.swift; sourceTree = "<group>"; };
		A727C36B2B9B89ED00232281 /* Quote.swift */ = {isa = PBXFileReference; lastKnownFileType = sourcecode.swift; path = Quote.swift; sourceTree = "<group>"; };
		A727C36F2B9BAB2E00232281 /* Book.swift */ = {isa = PBXFileReference; lastKnownFileType = sourcecode.swift; path = Book.swift; sourceTree = "<group>"; };
		A74DF1A82B9B52F500D45E17 /* MementoMori.app */ = {isa = PBXFileReference; explicitFileType = wrapper.application; includeInIndex = 0; path = MementoMori.app; sourceTree = BUILT_PRODUCTS_DIR; };
		A74DF1AB2B9B52F500D45E17 /* MementoMoriApp.swift */ = {isa = PBXFileReference; lastKnownFileType = sourcecode.swift; path = MementoMoriApp.swift; sourceTree = "<group>"; };
		A74DF1AD2B9B52F500D45E17 /* ContentView.swift */ = {isa = PBXFileReference; lastKnownFileType = sourcecode.swift; path = ContentView.swift; sourceTree = "<group>"; };
		A74DF1AF2B9B52F500D45E17 /* Item.swift */ = {isa = PBXFileReference; lastKnownFileType = sourcecode.swift; path = Item.swift; sourceTree = "<group>"; };
		A74DF1B12B9B52F600D45E17 /* Assets.xcassets */ = {isa = PBXFileReference; lastKnownFileType = folder.assetcatalog; path = Assets.xcassets; sourceTree = "<group>"; };
		A74DF1B42B9B52F600D45E17 /* Preview Assets.xcassets */ = {isa = PBXFileReference; lastKnownFileType = folder.assetcatalog; path = "Preview Assets.xcassets"; sourceTree = "<group>"; };
		A74DF1BC2B9B53C200D45E17 /* CalendarView.swift */ = {isa = PBXFileReference; lastKnownFileType = sourcecode.swift; path = CalendarView.swift; sourceTree = "<group>"; };
		A74DF1BF2B9B54DD00D45E17 /* CinzelDecorative-Regular.ttf */ = {isa = PBXFileReference; lastKnownFileType = file; name = "CinzelDecorative-Regular.ttf"; path = "MementoMori/Fonts/CinzelDecorative-Regular.ttf"; sourceTree = SOURCE_ROOT; };
		A74DF1C12B9B551000D45E17 /* Info.plist */ = {isa = PBXFileReference; lastKnownFileType = text.plist; path = Info.plist; sourceTree = "<group>"; };
		A7B160432B9BB9B700F2D8AB /* If.swift */ = {isa = PBXFileReference; lastKnownFileType = sourcecode.swift; path = If.swift; sourceTree = "<group>"; };
/* End PBXFileReference section */

/* Begin PBXFrameworksBuildPhase section */
		A74DF1A52B9B52F500D45E17 /* Frameworks */ = {
			isa = PBXFrameworksBuildPhase;
			buildActionMask = 2147483647;
			files = (
			);
			runOnlyForDeploymentPostprocessing = 0;
		};
/* End PBXFrameworksBuildPhase section */

/* Begin PBXGroup section */
		A705331D2B9B63DC00BB4FCB /* Placeholder */ = {
			isa = PBXGroup;
			children = (
				A74DF1AD2B9B52F500D45E17 /* ContentView.swift */,
				A74DF1AF2B9B52F500D45E17 /* Item.swift */,
			);
			path = Placeholder;
			sourceTree = "<group>";
		};
		A727C3682B9B899800232281 /* Models */ = {
			isa = PBXGroup;
			children = (
				A705331F2B9B640800BB4FCB /* Profile.swift */,
				A727C3642B9B895300232281 /* Day.swift */,
				A727C3692B9B89B900232281 /* Author.swift */,
				A727C36B2B9B89ED00232281 /* Quote.swift */,
				A727C36F2B9BAB2E00232281 /* Book.swift */,
			);
			path = Models;
			sourceTree = "<group>";
		};
		A727C3712B9BB93F00232281 /* Utils */ = {
			isa = PBXGroup;
			children = (
				A727C3722B9BB94700232281 /* Modifiers */,
			);
			path = Utils;
			sourceTree = "<group>";
		};
		A727C3722B9BB94700232281 /* Modifiers */ = {
			isa = PBXGroup;
			children = (
				A7B160432B9BB9B700F2D8AB /* If.swift */,
			);
			path = Modifiers;
			sourceTree = "<group>";
		};
		A74DF19F2B9B52F500D45E17 = {
			isa = PBXGroup;
			children = (
				A74DF1AA2B9B52F500D45E17 /* MementoMori */,
				A74DF1A92B9B52F500D45E17 /* Products */,
			);
			sourceTree = "<group>";
		};
		A74DF1A92B9B52F500D45E17 /* Products */ = {
			isa = PBXGroup;
			children = (
				A74DF1A82B9B52F500D45E17 /* MementoMori.app */,
			);
			name = Products;
			sourceTree = "<group>";
		};
		A74DF1AA2B9B52F500D45E17 /* MementoMori */ = {
			isa = PBXGroup;
			children = (
				A727C3712B9BB93F00232281 /* Utils */,
				A74DF1AB2B9B52F500D45E17 /* MementoMoriApp.swift */,
				A727C3682B9B899800232281 /* Models */,
				A74DF1BB2B9B53A600D45E17 /* Calendar */,
				A705331D2B9B63DC00BB4FCB /* Placeholder */,
				A74DF1BE2B9B54D000D45E17 /* Fonts */,
				A74DF1B32B9B52F600D45E17 /* Preview Content */,
				A74DF1B12B9B52F600D45E17 /* Assets.xcassets */,
				A74DF1C12B9B551000D45E17 /* Info.plist */,
			);
			path = MementoMori;
			sourceTree = "<group>";
		};
		A74DF1B32B9B52F600D45E17 /* Preview Content */ = {
			isa = PBXGroup;
			children = (
				A74DF1B42B9B52F600D45E17 /* Preview Assets.xcassets */,
			);
			path = "Preview Content";
			sourceTree = "<group>";
		};
		A74DF1BB2B9B53A600D45E17 /* Calendar */ = {
			isa = PBXGroup;
			children = (
				A74DF1BC2B9B53C200D45E17 /* CalendarView.swift */,
			);
			path = Calendar;
			sourceTree = "<group>";
		};
		A74DF1BE2B9B54D000D45E17 /* Fonts */ = {
			isa = PBXGroup;
			children = (
				A74DF1BF2B9B54DD00D45E17 /* CinzelDecorative-Regular.ttf */,
			);
			path = Fonts;
			sourceTree = "<group>";
		};
/* End PBXGroup section */

/* Begin PBXNativeTarget section */
		A74DF1A72B9B52F500D45E17 /* MementoMori */ = {
			isa = PBXNativeTarget;
			buildConfigurationList = A74DF1B82B9B52F600D45E17 /* Build configuration list for PBXNativeTarget "MementoMori" */;
			buildPhases = (
				A74DF1A42B9B52F500D45E17 /* Sources */,
				A74DF1A52B9B52F500D45E17 /* Frameworks */,
				A74DF1A62B9B52F500D45E17 /* Resources */,
			);
			buildRules = (
			);
			dependencies = (
			);
			name = MementoMori;
			productName = MementoMori;
			productReference = A74DF1A82B9B52F500D45E17 /* MementoMori.app */;
			productType = "com.apple.product-type.application";
		};
/* End PBXNativeTarget section */

/* Begin PBXProject section */
		A74DF1A02B9B52F500D45E17 /* Project object */ = {
			isa = PBXProject;
			attributes = {
				BuildIndependentTargetsInParallel = 1;
				LastSwiftUpdateCheck = 1530;
				LastUpgradeCheck = 1530;
				TargetAttributes = {
					A74DF1A72B9B52F500D45E17 = {
						CreatedOnToolsVersion = 15.3;
					};
				};
			};
			buildConfigurationList = A74DF1A32B9B52F500D45E17 /* Build configuration list for PBXProject "MementoMori" */;
			compatibilityVersion = "Xcode 14.0";
			developmentRegion = en;
			hasScannedForEncodings = 0;
			knownRegions = (
				en,
				Base,
			);
			mainGroup = A74DF19F2B9B52F500D45E17;
			productRefGroup = A74DF1A92B9B52F500D45E17 /* Products */;
			projectDirPath = "";
			projectRoot = "";
			targets = (
				A74DF1A72B9B52F500D45E17 /* MementoMori */,
			);
		};
/* End PBXProject section */

/* Begin PBXResourcesBuildPhase section */
		A74DF1A62B9B52F500D45E17 /* Resources */ = {
			isa = PBXResourcesBuildPhase;
			buildActionMask = 2147483647;
			files = (
				A74DF1B52B9B52F600D45E17 /* Preview Assets.xcassets in Resources */,
				A705331C2B9B587400BB4FCB /* CinzelDecorative-Regular.ttf in Resources */,
				A74DF1B22B9B52F600D45E17 /* Assets.xcassets in Resources */,
			);
			runOnlyForDeploymentPostprocessing = 0;
		};
/* End PBXResourcesBuildPhase section */

/* Begin PBXSourcesBuildPhase section */
		A74DF1A42B9B52F500D45E17 /* Sources */ = {
			isa = PBXSourcesBuildPhase;
			buildActionMask = 2147483647;
			files = (
				A74DF1AE2B9B52F500D45E17 /* ContentView.swift in Sources */,
				A727C3652B9B895300232281 /* Day.swift in Sources */,
				A70533202B9B640800BB4FCB /* Profile.swift in Sources */,
				A74DF1B02B9B52F500D45E17 /* Item.swift in Sources */,
				A727C36C2B9B89ED00232281 /* Quote.swift in Sources */,
				A727C3702B9BAB2E00232281 /* Book.swift in Sources */,
				A74DF1BD2B9B53C200D45E17 /* CalendarView.swift in Sources */,
				A727C36A2B9B89B900232281 /* Author.swift in Sources */,
				A7B160442B9BB9B700F2D8AB /* If.swift in Sources */,
				A74DF1AC2B9B52F500D45E17 /* MementoMoriApp.swift in Sources */,
			);
			runOnlyForDeploymentPostprocessing = 0;
		};
/* End PBXSourcesBuildPhase section */

/* Begin XCBuildConfiguration section */
		A74DF1B62B9B52F600D45E17 /* Debug */ = {
			isa = XCBuildConfiguration;
			buildSettings = {
				ALWAYS_SEARCH_USER_PATHS = NO;
				ASSETCATALOG_COMPILER_GENERATE_SWIFT_ASSET_SYMBOL_EXTENSIONS = YES;
				CLANG_ANALYZER_NONNULL = YES;
				CLANG_ANALYZER_NUMBER_OBJECT_CONVERSION = YES_AGGRESSIVE;
				CLANG_CXX_LANGUAGE_STANDARD = "gnu++20";
				CLANG_ENABLE_MODULES = YES;
				CLANG_ENABLE_OBJC_ARC = YES;
				CLANG_ENABLE_OBJC_WEAK = YES;
				CLANG_WARN_BLOCK_CAPTURE_AUTORELEASING = YES;
				CLANG_WARN_BOOL_CONVERSION = YES;
				CLANG_WARN_COMMA = YES;
				CLANG_WARN_CONSTANT_CONVERSION = YES;
				CLANG_WARN_DEPRECATED_OBJC_IMPLEMENTATIONS = YES;
				CLANG_WARN_DIRECT_OBJC_ISA_USAGE = YES_ERROR;
				CLANG_WARN_DOCUMENTATION_COMMENTS = YES;
				CLANG_WARN_EMPTY_BODY = YES;
				CLANG_WARN_ENUM_CONVERSION = YES;
				CLANG_WARN_INFINITE_RECURSION = YES;
				CLANG_WARN_INT_CONVERSION = YES;
				CLANG_WARN_NON_LITERAL_NULL_CONVERSION = YES;
				CLANG_WARN_OBJC_IMPLICIT_RETAIN_SELF = YES;
				CLANG_WARN_OBJC_LITERAL_CONVERSION = YES;
				CLANG_WARN_OBJC_ROOT_CLASS = YES_ERROR;
				CLANG_WARN_QUOTED_INCLUDE_IN_FRAMEWORK_HEADER = YES;
				CLANG_WARN_RANGE_LOOP_ANALYSIS = YES;
				CLANG_WARN_STRICT_PROTOTYPES = YES;
				CLANG_WARN_SUSPICIOUS_MOVE = YES;
				CLANG_WARN_UNGUARDED_AVAILABILITY = YES_AGGRESSIVE;
				CLANG_WARN_UNREACHABLE_CODE = YES;
				CLANG_WARN__DUPLICATE_METHOD_MATCH = YES;
				COPY_PHASE_STRIP = NO;
				DEBUG_INFORMATION_FORMAT = dwarf;
				ENABLE_STRICT_OBJC_MSGSEND = YES;
				ENABLE_TESTABILITY = YES;
				ENABLE_USER_SCRIPT_SANDBOXING = YES;
				GCC_C_LANGUAGE_STANDARD = gnu17;
				GCC_DYNAMIC_NO_PIC = NO;
				GCC_NO_COMMON_BLOCKS = YES;
				GCC_OPTIMIZATION_LEVEL = 0;
				GCC_PREPROCESSOR_DEFINITIONS = (
					"DEBUG=1",
					"$(inherited)",
				);
				GCC_WARN_64_TO_32_BIT_CONVERSION = YES;
				GCC_WARN_ABOUT_RETURN_TYPE = YES_ERROR;
				GCC_WARN_UNDECLARED_SELECTOR = YES;
				GCC_WARN_UNINITIALIZED_AUTOS = YES_AGGRESSIVE;
				GCC_WARN_UNUSED_FUNCTION = YES;
				GCC_WARN_UNUSED_VARIABLE = YES;
				IPHONEOS_DEPLOYMENT_TARGET = 17.4;
				LOCALIZATION_PREFERS_STRING_CATALOGS = YES;
				MTL_ENABLE_DEBUG_INFO = INCLUDE_SOURCE;
				MTL_FAST_MATH = YES;
				ONLY_ACTIVE_ARCH = YES;
				SDKROOT = iphoneos;
				SWIFT_ACTIVE_COMPILATION_CONDITIONS = "DEBUG $(inherited)";
				SWIFT_OPTIMIZATION_LEVEL = "-Onone";
			};
			name = Debug;
		};
		A74DF1B72B9B52F600D45E17 /* Release */ = {
			isa = XCBuildConfiguration;
			buildSettings = {
				ALWAYS_SEARCH_USER_PATHS = NO;
				ASSETCATALOG_COMPILER_GENERATE_SWIFT_ASSET_SYMBOL_EXTENSIONS = YES;
				CLANG_ANALYZER_NONNULL = YES;
				CLANG_ANALYZER_NUMBER_OBJECT_CONVERSION = YES_AGGRESSIVE;
				CLANG_CXX_LANGUAGE_STANDARD = "gnu++20";
				CLANG_ENABLE_MODULES = YES;
				CLANG_ENABLE_OBJC_ARC = YES;
				CLANG_ENABLE_OBJC_WEAK = YES;
				CLANG_WARN_BLOCK_CAPTURE_AUTORELEASING = YES;
				CLANG_WARN_BOOL_CONVERSION = YES;
				CLANG_WARN_COMMA = YES;
				CLANG_WARN_CONSTANT_CONVERSION = YES;
				CLANG_WARN_DEPRECATED_OBJC_IMPLEMENTATIONS = YES;
				CLANG_WARN_DIRECT_OBJC_ISA_USAGE = YES_ERROR;
				CLANG_WARN_DOCUMENTATION_COMMENTS = YES;
				CLANG_WARN_EMPTY_BODY = YES;
				CLANG_WARN_ENUM_CONVERSION = YES;
				CLANG_WARN_INFINITE_RECURSION = YES;
				CLANG_WARN_INT_CONVERSION = YES;
				CLANG_WARN_NON_LITERAL_NULL_CONVERSION = YES;
				CLANG_WARN_OBJC_IMPLICIT_RETAIN_SELF = YES;
				CLANG_WARN_OBJC_LITERAL_CONVERSION = YES;
				CLANG_WARN_OBJC_ROOT_CLASS = YES_ERROR;
				CLANG_WARN_QUOTED_INCLUDE_IN_FRAMEWORK_HEADER = YES;
				CLANG_WARN_RANGE_LOOP_ANALYSIS = YES;
				CLANG_WARN_STRICT_PROTOTYPES = YES;
				CLANG_WARN_SUSPICIOUS_MOVE = YES;
				CLANG_WARN_UNGUARDED_AVAILABILITY = YES_AGGRESSIVE;
				CLANG_WARN_UNREACHABLE_CODE = YES;
				CLANG_WARN__DUPLICATE_METHOD_MATCH = YES;
				COPY_PHASE_STRIP = NO;
				DEBUG_INFORMATION_FORMAT = "dwarf-with-dsym";
				ENABLE_NS_ASSERTIONS = NO;
				ENABLE_STRICT_OBJC_MSGSEND = YES;
				ENABLE_USER_SCRIPT_SANDBOXING = YES;
				GCC_C_LANGUAGE_STANDARD = gnu17;
				GCC_NO_COMMON_BLOCKS = YES;
				GCC_WARN_64_TO_32_BIT_CONVERSION = YES;
				GCC_WARN_ABOUT_RETURN_TYPE = YES_ERROR;
				GCC_WARN_UNDECLARED_SELECTOR = YES;
				GCC_WARN_UNINITIALIZED_AUTOS = YES_AGGRESSIVE;
				GCC_WARN_UNUSED_FUNCTION = YES;
				GCC_WARN_UNUSED_VARIABLE = YES;
				IPHONEOS_DEPLOYMENT_TARGET = 17.4;
				LOCALIZATION_PREFERS_STRING_CATALOGS = YES;
				MTL_ENABLE_DEBUG_INFO = NO;
				MTL_FAST_MATH = YES;
				SDKROOT = iphoneos;
				SWIFT_COMPILATION_MODE = wholemodule;
				VALIDATE_PRODUCT = YES;
			};
			name = Release;
		};
		A74DF1B92B9B52F600D45E17 /* Debug */ = {
			isa = XCBuildConfiguration;
			buildSettings = {
				ASSETCATALOG_COMPILER_APPICON_NAME = AppIcon;
				ASSETCATALOG_COMPILER_GLOBAL_ACCENT_COLOR_NAME = AccentColor;
				CODE_SIGN_STYLE = Automatic;
				CURRENT_PROJECT_VERSION = 1;
				DEVELOPMENT_ASSET_PATHS = "\"MementoMori/Preview Content\"";
				DEVELOPMENT_TEAM = 73DNAYF2TM;
				ENABLE_PREVIEWS = YES;
				GENERATE_INFOPLIST_FILE = YES;
				INFOPLIST_FILE = MementoMori/Info.plist;
				INFOPLIST_KEY_UIApplicationSceneManifest_Generation = YES;
				INFOPLIST_KEY_UIApplicationSupportsIndirectInputEvents = YES;
				INFOPLIST_KEY_UILaunchScreen_Generation = YES;
				INFOPLIST_KEY_UISupportedInterfaceOrientations_iPad = "UIInterfaceOrientationPortrait UIInterfaceOrientationPortraitUpsideDown UIInterfaceOrientationLandscapeLeft UIInterfaceOrientationLandscapeRight";
				INFOPLIST_KEY_UISupportedInterfaceOrientations_iPhone = "UIInterfaceOrientationPortrait UIInterfaceOrientationLandscapeLeft UIInterfaceOrientationLandscapeRight";
				IPHONEOS_DEPLOYMENT_TARGET = 17.0;
				LD_RUNPATH_SEARCH_PATHS = (
					"$(inherited)",
					"@executable_path/Frameworks",
				);
				MARKETING_VERSION = 1.0;
				PRODUCT_BUNDLE_IDENTIFIER = com.gmm.MementoMori;
				PRODUCT_NAME = "$(TARGET_NAME)";
				SWIFT_EMIT_LOC_STRINGS = YES;
				SWIFT_VERSION = 5.0;
				TARGETED_DEVICE_FAMILY = "1,2";
			};
			name = Debug;
		};
		A74DF1BA2B9B52F600D45E17 /* Release */ = {
			isa = XCBuildConfiguration;
			buildSettings = {
				ASSETCATALOG_COMPILER_APPICON_NAME = AppIcon;
				ASSETCATALOG_COMPILER_GLOBAL_ACCENT_COLOR_NAME = AccentColor;
				CODE_SIGN_STYLE = Automatic;
				CURRENT_PROJECT_VERSION = 1;
				DEVELOPMENT_ASSET_PATHS = "\"MementoMori/Preview Content\"";
				DEVELOPMENT_TEAM = 73DNAYF2TM;
				ENABLE_PREVIEWS = YES;
				GENERATE_INFOPLIST_FILE = YES;
				INFOPLIST_FILE = MementoMori/Info.plist;
				INFOPLIST_KEY_UIApplicationSceneManifest_Generation = YES;
				INFOPLIST_KEY_UIApplicationSupportsIndirectInputEvents = YES;
				INFOPLIST_KEY_UILaunchScreen_Generation = YES;
				INFOPLIST_KEY_UISupportedInterfaceOrientations_iPad = "UIInterfaceOrientationPortrait UIInterfaceOrientationPortraitUpsideDown UIInterfaceOrientationLandscapeLeft UIInterfaceOrientationLandscapeRight";
				INFOPLIST_KEY_UISupportedInterfaceOrientations_iPhone = "UIInterfaceOrientationPortrait UIInterfaceOrientationLandscapeLeft UIInterfaceOrientationLandscapeRight";
				IPHONEOS_DEPLOYMENT_TARGET = 17.0;
				LD_RUNPATH_SEARCH_PATHS = (
					"$(inherited)",
					"@executable_path/Frameworks",
				);
				MARKETING_VERSION = 1.0;
				PRODUCT_BUNDLE_IDENTIFIER = com.gmm.MementoMori;
				PRODUCT_NAME = "$(TARGET_NAME)";
				SWIFT_EMIT_LOC_STRINGS = YES;
				SWIFT_VERSION = 5.0;
				TARGETED_DEVICE_FAMILY = "1,2";
			};
			name = Release;
		};
/* End XCBuildConfiguration section */

/* Begin XCConfigurationList section */
		A74DF1A32B9B52F500D45E17 /* Build configuration list for PBXProject "MementoMori" */ = {
			isa = XCConfigurationList;
			buildConfigurations = (
				A74DF1B62B9B52F600D45E17 /* Debug */,
				A74DF1B72B9B52F600D45E17 /* Release */,
			);
			defaultConfigurationIsVisible = 0;
			defaultConfigurationName = Release;
		};
		A74DF1B82B9B52F600D45E17 /* Build configuration list for PBXNativeTarget "MementoMori" */ = {
			isa = XCConfigurationList;
			buildConfigurations = (
				A74DF1B92B9B52F600D45E17 /* Debug */,
				A74DF1BA2B9B52F600D45E17 /* Release */,
			);
			defaultConfigurationIsVisible = 0;
			defaultConfigurationName = Release;
		};
/* End XCConfigurationList section */
	};
	rootObject = A74DF1A02B9B52F500D45E17 /* Project object */;
}
